// !$*UTF8*$!
{
	archiveVersion = 1;
	classes = {
	};
	objectVersion = 46;
	objects = {

/* Begin PBXBuildFile section */
		F8160ADE1BF9A6080077898B /* TreeEntity+CoreDataProperties.swift in Sources */ = {isa = PBXBuildFile; fileRef = F8160AD81BF9A6080077898B /* TreeEntity+CoreDataProperties.swift */; };
		F8160ADF1BF9A6080077898B /* TreeEntity.swift in Sources */ = {isa = PBXBuildFile; fileRef = F8160AD91BF9A6080077898B /* TreeEntity.swift */; };
		F8160AE01BF9A6080077898B /* GroupEntity+CoreDataProperties.swift in Sources */ = {isa = PBXBuildFile; fileRef = F8160ADA1BF9A6080077898B /* GroupEntity+CoreDataProperties.swift */; };
		F8160AE11BF9A6080077898B /* GroupEntity.swift in Sources */ = {isa = PBXBuildFile; fileRef = F8160ADB1BF9A6080077898B /* GroupEntity.swift */; };
		F8160AE21BF9A6080077898B /* FileEntity+CoreDataProperties.swift in Sources */ = {isa = PBXBuildFile; fileRef = F8160ADC1BF9A6080077898B /* FileEntity+CoreDataProperties.swift */; };
		F8160AE31BF9A6080077898B /* FileEntity.swift in Sources */ = {isa = PBXBuildFile; fileRef = F8160ADD1BF9A6080077898B /* FileEntity.swift */; };
		F8160AE61BF9B9BC0077898B /* 华信云数据中心服务手册.pdf in Resources */ = {isa = PBXBuildFile; fileRef = F8160AE41BF9B9BC0077898B /* 华信云数据中心服务手册.pdf */; };
		F8160AE71BF9B9BC0077898B /* 其他行业.pdf in Resources */ = {isa = PBXBuildFile; fileRef = F8160AE51BF9B9BC0077898B /* 其他行业.pdf */; };
		F8160AE91BF9BC360077898B /* 特别关注介绍.pdf in Resources */ = {isa = PBXBuildFile; fileRef = F8160AE81BF9BC360077898B /* 特别关注介绍.pdf */; };
		F8160AEC1BF9CB680077898B /* PDFFileManager.swift in Sources */ = {isa = PBXBuildFile; fileRef = F8160AEB1BF9CB680077898B /* PDFFileManager.swift */; };
		F8227E401BF575FB00A8F7A5 /* AppDelegate.swift in Sources */ = {isa = PBXBuildFile; fileRef = F8227E3F1BF575FB00A8F7A5 /* AppDelegate.swift */; };
		F8227E421BF575FB00A8F7A5 /* ViewController.swift in Sources */ = {isa = PBXBuildFile; fileRef = F8227E411BF575FB00A8F7A5 /* ViewController.swift */; };
		F8227E451BF575FB00A8F7A5 /* Main.storyboard in Resources */ = {isa = PBXBuildFile; fileRef = F8227E431BF575FB00A8F7A5 /* Main.storyboard */; };
		F8227E481BF575FB00A8F7A5 /* pdfreader.xcdatamodeld in Sources */ = {isa = PBXBuildFile; fileRef = F8227E461BF575FB00A8F7A5 /* pdfreader.xcdatamodeld */; };
		F8227E4D1BF575FB00A8F7A5 /* LaunchScreen.storyboard in Resources */ = {isa = PBXBuildFile; fileRef = F8227E4B1BF575FB00A8F7A5 /* LaunchScreen.storyboard */; };
		F8227E551BF58FE100A8F7A5 /* ContentProviderViewController.swift in Sources */ = {isa = PBXBuildFile; fileRef = F8227E541BF58FE100A8F7A5 /* ContentProviderViewController.swift */; };
		F8227E591BF5945200A8F7A5 /* GroupCell.swift in Sources */ = {isa = PBXBuildFile; fileRef = F8227E581BF5945200A8F7A5 /* GroupCell.swift */; };
		F88D95C91BFAC7F6000FA050 /* BinaryEntity+CoreDataProperties.swift in Sources */ = {isa = PBXBuildFile; fileRef = F88D95C71BFAC7F6000FA050 /* BinaryEntity+CoreDataProperties.swift */; };
		F88D95CA1BFAC7F6000FA050 /* BinaryEntity.swift in Sources */ = {isa = PBXBuildFile; fileRef = F88D95C81BFAC7F6000FA050 /* BinaryEntity.swift */; };
		F88D95CD1BFB1BE9000FA050 /* MenuTableViewController.swift in Sources */ = {isa = PBXBuildFile; fileRef = F88D95CC1BFB1BE9000FA050 /* MenuTableViewController.swift */; };
		F899CDD21BF5BA93006E96B1 /* Media.xcassets in Resources */ = {isa = PBXBuildFile; fileRef = F899CDD11BF5BA93006E96B1 /* Media.xcassets */; };
		F899CDD61BF5C218006E96B1 /* 人力资源管理平台.pdf in Resources */ = {isa = PBXBuildFile; fileRef = F899CDD51BF5C218006E96B1 /* 人力资源管理平台.pdf */; };
		F899CDDA1BF5C828006E96B1 /* PDFViewController.swift in Sources */ = {isa = PBXBuildFile; fileRef = F899CDD91BF5C828006E96B1 /* PDFViewController.swift */; };
		F899CDDC1BF5D25C006E96B1 /* PDFPageLayer.swift in Sources */ = {isa = PBXBuildFile; fileRef = F899CDDB1BF5D25C006E96B1 /* PDFPageLayer.swift */; };
		F899CDDE1BF5D362006E96B1 /* PDFReaderView.swift in Sources */ = {isa = PBXBuildFile; fileRef = F899CDDD1BF5D362006E96B1 /* PDFReaderView.swift */; };
		F8D1C5361BFC225800D4C3D5 /* TreeTask.swift in Sources */ = {isa = PBXBuildFile; fileRef = F8D1C5351BFC225800D4C3D5 /* TreeTask.swift */; };
		F8D1C5391BFD615700D4C3D5 /* GroupFrameworkViewController.swift in Sources */ = {isa = PBXBuildFile; fileRef = F8D1C5381BFD615700D4C3D5 /* GroupFrameworkViewController.swift */; };
		F8D1C53B1BFD616900D4C3D5 /* GroupListViewController.swift in Sources */ = {isa = PBXBuildFile; fileRef = F8D1C53A1BFD616900D4C3D5 /* GroupListViewController.swift */; };
		F8D1C53D1BFD643A00D4C3D5 /* GroupTableViewCell.swift in Sources */ = {isa = PBXBuildFile; fileRef = F8D1C53C1BFD643A00D4C3D5 /* GroupTableViewCell.swift */; };
/* End PBXBuildFile section */

/* Begin PBXFileReference section */
		F8160AD81BF9A6080077898B /* TreeEntity+CoreDataProperties.swift */ = {isa = PBXFileReference; fileEncoding = 4; lastKnownFileType = sourcecode.swift; path = "TreeEntity+CoreDataProperties.swift"; sourceTree = "<group>"; };
		F8160AD91BF9A6080077898B /* TreeEntity.swift */ = {isa = PBXFileReference; fileEncoding = 4; lastKnownFileType = sourcecode.swift; path = TreeEntity.swift; sourceTree = "<group>"; };
		F8160ADA1BF9A6080077898B /* GroupEntity+CoreDataProperties.swift */ = {isa = PBXFileReference; fileEncoding = 4; lastKnownFileType = sourcecode.swift; path = "GroupEntity+CoreDataProperties.swift"; sourceTree = "<group>"; };
		F8160ADB1BF9A6080077898B /* GroupEntity.swift */ = {isa = PBXFileReference; fileEncoding = 4; lastKnownFileType = sourcecode.swift; path = GroupEntity.swift; sourceTree = "<group>"; };
		F8160ADC1BF9A6080077898B /* FileEntity+CoreDataProperties.swift */ = {isa = PBXFileReference; fileEncoding = 4; lastKnownFileType = sourcecode.swift; path = "FileEntity+CoreDataProperties.swift"; sourceTree = "<group>"; };
		F8160ADD1BF9A6080077898B /* FileEntity.swift */ = {isa = PBXFileReference; fileEncoding = 4; lastKnownFileType = sourcecode.swift; path = FileEntity.swift; sourceTree = "<group>"; };
		F8160AE41BF9B9BC0077898B /* 华信云数据中心服务手册.pdf */ = {isa = PBXFileReference; lastKnownFileType = image.pdf; path = "华信云数据中心服务手册.pdf"; sourceTree = "<group>"; };
		F8160AE51BF9B9BC0077898B /* 其他行业.pdf */ = {isa = PBXFileReference; lastKnownFileType = image.pdf; path = "其他行业.pdf"; sourceTree = "<group>"; };
		F8160AE81BF9BC360077898B /* 特别关注介绍.pdf */ = {isa = PBXFileReference; lastKnownFileType = image.pdf; path = "特别关注介绍.pdf"; sourceTree = "<group>"; };
		F8160AEB1BF9CB680077898B /* PDFFileManager.swift */ = {isa = PBXFileReference; fileEncoding = 4; lastKnownFileType = sourcecode.swift; path = PDFFileManager.swift; sourceTree = "<group>"; };
		F8227E3C1BF575FB00A8F7A5 /* pdfreader.app */ = {isa = PBXFileReference; explicitFileType = wrapper.application; includeInIndex = 0; path = pdfreader.app; sourceTree = BUILT_PRODUCTS_DIR; };
		F8227E3F1BF575FB00A8F7A5 /* AppDelegate.swift */ = {isa = PBXFileReference; lastKnownFileType = sourcecode.swift; path = AppDelegate.swift; sourceTree = "<group>"; };
		F8227E411BF575FB00A8F7A5 /* ViewController.swift */ = {isa = PBXFileReference; lastKnownFileType = sourcecode.swift; path = ViewController.swift; sourceTree = "<group>"; };
		F8227E441BF575FB00A8F7A5 /* Base */ = {isa = PBXFileReference; lastKnownFileType = file.storyboard; name = Base; path = Base.lproj/Main.storyboard; sourceTree = "<group>"; };
		F8227E471BF575FB00A8F7A5 /* pdfreader.xcdatamodel */ = {isa = PBXFileReference; lastKnownFileType = wrapper.xcdatamodel; path = pdfreader.xcdatamodel; sourceTree = "<group>"; };
		F8227E4C1BF575FB00A8F7A5 /* Base */ = {isa = PBXFileReference; lastKnownFileType = file.storyboard; name = Base; path = Base.lproj/LaunchScreen.storyboard; sourceTree = "<group>"; };
		F8227E4E1BF575FB00A8F7A5 /* Info.plist */ = {isa = PBXFileReference; lastKnownFileType = text.plist.xml; path = Info.plist; sourceTree = "<group>"; };
		F8227E541BF58FE100A8F7A5 /* ContentProviderViewController.swift */ = {isa = PBXFileReference; fileEncoding = 4; lastKnownFileType = sourcecode.swift; path = ContentProviderViewController.swift; sourceTree = "<group>"; };
		F8227E581BF5945200A8F7A5 /* GroupCell.swift */ = {isa = PBXFileReference; fileEncoding = 4; lastKnownFileType = sourcecode.swift; path = GroupCell.swift; sourceTree = "<group>"; };
		F88D95C71BFAC7F6000FA050 /* BinaryEntity+CoreDataProperties.swift */ = {isa = PBXFileReference; fileEncoding = 4; lastKnownFileType = sourcecode.swift; path = "BinaryEntity+CoreDataProperties.swift"; sourceTree = "<group>"; };
		F88D95C81BFAC7F6000FA050 /* BinaryEntity.swift */ = {isa = PBXFileReference; fileEncoding = 4; lastKnownFileType = sourcecode.swift; path = BinaryEntity.swift; sourceTree = "<group>"; };
		F88D95CC1BFB1BE9000FA050 /* MenuTableViewController.swift */ = {isa = PBXFileReference; fileEncoding = 4; lastKnownFileType = sourcecode.swift; path = MenuTableViewController.swift; sourceTree = "<group>"; };
		F899CDD11BF5BA93006E96B1 /* Media.xcassets */ = {isa = PBXFileReference; lastKnownFileType = folder.assetcatalog; path = Media.xcassets; sourceTree = "<group>"; };
		F899CDD51BF5C218006E96B1 /* 人力资源管理平台.pdf */ = {isa = PBXFileReference; lastKnownFileType = image.pdf; path = "人力资源管理平台.pdf"; sourceTree = "<group>"; };
		F899CDD91BF5C828006E96B1 /* PDFViewController.swift */ = {isa = PBXFileReference; fileEncoding = 4; lastKnownFileType = sourcecode.swift; path = PDFViewController.swift; sourceTree = "<group>"; };
		F899CDDB1BF5D25C006E96B1 /* PDFPageLayer.swift */ = {isa = PBXFileReference; fileEncoding = 4; lastKnownFileType = sourcecode.swift; path = PDFPageLayer.swift; sourceTree = "<group>"; };
		F899CDDD1BF5D362006E96B1 /* PDFReaderView.swift */ = {isa = PBXFileReference; fileEncoding = 4; lastKnownFileType = sourcecode.swift; path = PDFReaderView.swift; sourceTree = "<group>"; };
		F8D1C5351BFC225800D4C3D5 /* TreeTask.swift */ = {isa = PBXFileReference; fileEncoding = 4; lastKnownFileType = sourcecode.swift; path = TreeTask.swift; sourceTree = "<group>"; };
		F8D1C5381BFD615700D4C3D5 /* GroupFrameworkViewController.swift */ = {isa = PBXFileReference; fileEncoding = 4; lastKnownFileType = sourcecode.swift; path = GroupFrameworkViewController.swift; sourceTree = "<group>"; };
		F8D1C53A1BFD616900D4C3D5 /* GroupListViewController.swift */ = {isa = PBXFileReference; fileEncoding = 4; lastKnownFileType = sourcecode.swift; path = GroupListViewController.swift; sourceTree = "<group>"; };
		F8D1C53C1BFD643A00D4C3D5 /* GroupTableViewCell.swift */ = {isa = PBXFileReference; fileEncoding = 4; lastKnownFileType = sourcecode.swift; path = GroupTableViewCell.swift; sourceTree = "<group>"; };
/* End PBXFileReference section */

/* Begin PBXFrameworksBuildPhase section */
		F8227E391BF575FB00A8F7A5 /* Frameworks */ = {
			isa = PBXFrameworksBuildPhase;
			buildActionMask = 2147483647;
			files = (
			);
			runOnlyForDeploymentPostprocessing = 0;
		};
/* End PBXFrameworksBuildPhase section */

/* Begin PBXGroup section */
		F8160AD71BF9A5CE0077898B /* 数据模型 */ = {
			isa = PBXGroup;
			children = (
				F8227E461BF575FB00A8F7A5 /* pdfreader.xcdatamodeld */,
				F8160AD81BF9A6080077898B /* TreeEntity+CoreDataProperties.swift */,
				F8160AD91BF9A6080077898B /* TreeEntity.swift */,
				F8160ADA1BF9A6080077898B /* GroupEntity+CoreDataProperties.swift */,
				F8160ADB1BF9A6080077898B /* GroupEntity.swift */,
				F8160ADC1BF9A6080077898B /* FileEntity+CoreDataProperties.swift */,
				F8160ADD1BF9A6080077898B /* FileEntity.swift */,
				F88D95C71BFAC7F6000FA050 /* BinaryEntity+CoreDataProperties.swift */,
				F88D95C81BFAC7F6000FA050 /* BinaryEntity.swift */,
			);
			name = "数据模型";
			sourceTree = "<group>";
		};
		F8160AEA1BF9CB030077898B /* 数据管理 */ = {
			isa = PBXGroup;
			children = (
				F8160AEB1BF9CB680077898B /* PDFFileManager.swift */,
				F8D1C5351BFC225800D4C3D5 /* TreeTask.swift */,
			);
			name = "数据管理";
			sourceTree = "<group>";
		};
		F8227E331BF575FB00A8F7A5 = {
			isa = PBXGroup;
			children = (
				F899CDD41BF5C18F006E96B1 /* temp Resource */,
				F8227E3E1BF575FB00A8F7A5 /* pdfreader */,
				F8227E3D1BF575FB00A8F7A5 /* Products */,
			);
			sourceTree = "<group>";
		};
		F8227E3D1BF575FB00A8F7A5 /* Products */ = {
			isa = PBXGroup;
			children = (
				F8227E3C1BF575FB00A8F7A5 /* pdfreader.app */,
			);
			name = Products;
			sourceTree = "<group>";
		};
		F8227E3E1BF575FB00A8F7A5 /* pdfreader */ = {
			isa = PBXGroup;
			children = (
				F88D95CB1BFB1BAF000FA050 /* 目录 */,
				F8160AEA1BF9CB030077898B /* 数据管理 */,
				F8160AD71BF9A5CE0077898B /* 数据模型 */,
				F8227E561BF5942200A8F7A5 /* 内容 */,
				F8227E3F1BF575FB00A8F7A5 /* AppDelegate.swift */,
				F8227E411BF575FB00A8F7A5 /* ViewController.swift */,
				F8227E431BF575FB00A8F7A5 /* Main.storyboard */,
				F8227E4B1BF575FB00A8F7A5 /* LaunchScreen.storyboard */,
				F8227E4E1BF575FB00A8F7A5 /* Info.plist */,
				F899CDD11BF5BA93006E96B1 /* Media.xcassets */,
			);
			path = pdfreader;
			sourceTree = "<group>";
		};
		F8227E561BF5942200A8F7A5 /* 内容 */ = {
			isa = PBXGroup;
			children = (
				F8D1C5371BFD60E100D4C3D5 /* 显示分组的详细内容 */,
				F899CDD31BF5BC6B006E96B1 /* PDf读取 */,
				F8227E541BF58FE100A8F7A5 /* ContentProviderViewController.swift */,
				F8227E571BF5942D00A8F7A5 /* 分组 */,
			);
			name = "内容";
			sourceTree = "<group>";
		};
		F8227E571BF5942D00A8F7A5 /* 分组 */ = {
			isa = PBXGroup;
			children = (
				F8227E581BF5945200A8F7A5 /* GroupCell.swift */,
			);
			name = "分组";
			sourceTree = "<group>";
		};
		F88D95CB1BFB1BAF000FA050 /* 目录 */ = {
			isa = PBXGroup;
			children = (
				F88D95CC1BFB1BE9000FA050 /* MenuTableViewController.swift */,
			);
			name = "目录";
			sourceTree = "<group>";
		};
		F899CDD31BF5BC6B006E96B1 /* PDf读取 */ = {
			isa = PBXGroup;
			children = (
				F899CDD91BF5C828006E96B1 /* PDFViewController.swift */,
				F899CDDB1BF5D25C006E96B1 /* PDFPageLayer.swift */,
				F899CDDD1BF5D362006E96B1 /* PDFReaderView.swift */,
			);
			name = "PDf读取";
			sourceTree = "<group>";
		};
		F899CDD41BF5C18F006E96B1 /* temp Resource */ = {
			isa = PBXGroup;
			children = (
				F8160AE41BF9B9BC0077898B /* 华信云数据中心服务手册.pdf */,
				F8160AE51BF9B9BC0077898B /* 其他行业.pdf */,
				F899CDD51BF5C218006E96B1 /* 人力资源管理平台.pdf */,
				F8160AE81BF9BC360077898B /* 特别关注介绍.pdf */,
			);
			name = "temp Resource";
			sourceTree = "<group>";
		};
		F8D1C5371BFD60E100D4C3D5 /* 显示分组的详细内容 */ = {
			isa = PBXGroup;
			children = (
				F8D1C5381BFD615700D4C3D5 /* GroupFrameworkViewController.swift */,
				F8D1C53A1BFD616900D4C3D5 /* GroupListViewController.swift */,
				F8D1C53C1BFD643A00D4C3D5 /* GroupTableViewCell.swift */,
			);
			name = "显示分组的详细内容";
			sourceTree = "<group>";
		};
/* End PBXGroup section */

/* Begin PBXNativeTarget section */
		F8227E3B1BF575FB00A8F7A5 /* pdfreader */ = {
			isa = PBXNativeTarget;
			buildConfigurationList = F8227E511BF575FB00A8F7A5 /* Build configuration list for PBXNativeTarget "pdfreader" */;
			buildPhases = (
				F8227E381BF575FB00A8F7A5 /* Sources */,
				F8227E391BF575FB00A8F7A5 /* Frameworks */,
				F8227E3A1BF575FB00A8F7A5 /* Resources */,
			);
			buildRules = (
			);
			dependencies = (
			);
			name = pdfreader;
			productName = pdfreader;
			productReference = F8227E3C1BF575FB00A8F7A5 /* pdfreader.app */;
			productType = "com.apple.product-type.application";
		};
/* End PBXNativeTarget section */

/* Begin PBXProject section */
		F8227E341BF575FB00A8F7A5 /* Project object */ = {
			isa = PBXProject;
			attributes = {
				LastSwiftUpdateCheck = 0710;
				LastUpgradeCheck = 0710;
				ORGANIZATIONNAME = MIBD;
				TargetAttributes = {
					F8227E3B1BF575FB00A8F7A5 = {
						CreatedOnToolsVersion = 7.1;
						DevelopmentTeam = DPC9EN366T;
					};
				};
			};
			buildConfigurationList = F8227E371BF575FB00A8F7A5 /* Build configuration list for PBXProject "pdfreader" */;
			compatibilityVersion = "Xcode 3.2";
			developmentRegion = English;
			hasScannedForEncodings = 0;
			knownRegions = (
				en,
				Base,
			);
			mainGroup = F8227E331BF575FB00A8F7A5;
			productRefGroup = F8227E3D1BF575FB00A8F7A5 /* Products */;
			projectDirPath = "";
			projectRoot = "";
			targets = (
				F8227E3B1BF575FB00A8F7A5 /* pdfreader */,
			);
		};
/* End PBXProject section */

/* Begin PBXResourcesBuildPhase section */
		F8227E3A1BF575FB00A8F7A5 /* Resources */ = {
			isa = PBXResourcesBuildPhase;
			buildActionMask = 2147483647;
			files = (
				F8160AE91BF9BC360077898B /* 特别关注介绍.pdf in Resources */,
				F8227E4D1BF575FB00A8F7A5 /* LaunchScreen.storyboard in Resources */,
				F899CDD21BF5BA93006E96B1 /* Media.xcassets in Resources */,
				F8227E451BF575FB00A8F7A5 /* Main.storyboard in Resources */,
				F899CDD61BF5C218006E96B1 /* 人力资源管理平台.pdf in Resources */,
				F8160AE71BF9B9BC0077898B /* 其他行业.pdf in Resources */,
				F8160AE61BF9B9BC0077898B /* 华信云数据中心服务手册.pdf in Resources */,
			);
			runOnlyForDeploymentPostprocessing = 0;
		};
/* End PBXResourcesBuildPhase section */

/* Begin PBXSourcesBuildPhase section */
		F8227E381BF575FB00A8F7A5 /* Sources */ = {
			isa = PBXSourcesBuildPhase;
			buildActionMask = 2147483647;
			files = (
				F8160AE31BF9A6080077898B /* FileEntity.swift in Sources */,
				F899CDDC1BF5D25C006E96B1 /* PDFPageLayer.swift in Sources */,
				F8227E591BF5945200A8F7A5 /* GroupCell.swift in Sources */,
				F8227E421BF575FB00A8F7A5 /* ViewController.swift in Sources */,
				F899CDDE1BF5D362006E96B1 /* PDFReaderView.swift in Sources */,
				F88D95CA1BFAC7F6000FA050 /* BinaryEntity.swift in Sources */,
				F8227E481BF575FB00A8F7A5 /* pdfreader.xcdatamodeld in Sources */,
				F8160AEC1BF9CB680077898B /* PDFFileManager.swift in Sources */,
				F8D1C5361BFC225800D4C3D5 /* TreeTask.swift in Sources */,
				F8227E401BF575FB00A8F7A5 /* AppDelegate.swift in Sources */,
				F8160AE21BF9A6080077898B /* FileEntity+CoreDataProperties.swift in Sources */,
				F8D1C5391BFD615700D4C3D5 /* GroupFrameworkViewController.swift in Sources */,
				F8160ADF1BF9A6080077898B /* TreeEntity.swift in Sources */,
				F899CDDA1BF5C828006E96B1 /* PDFViewController.swift in Sources */,
				F8160AE01BF9A6080077898B /* GroupEntity+CoreDataProperties.swift in Sources */,
				F8D1C53D1BFD643A00D4C3D5 /* GroupTableViewCell.swift in Sources */,
				F8D1C53B1BFD616900D4C3D5 /* GroupListViewController.swift in Sources */,
				F8160ADE1BF9A6080077898B /* TreeEntity+CoreDataProperties.swift in Sources */,
				F88D95CD1BFB1BE9000FA050 /* MenuTableViewController.swift in Sources */,
				F88D95C91BFAC7F6000FA050 /* BinaryEntity+CoreDataProperties.swift in Sources */,
				F8160AE11BF9A6080077898B /* GroupEntity.swift in Sources */,
				F8227E551BF58FE100A8F7A5 /* ContentProviderViewController.swift in Sources */,
			);
			runOnlyForDeploymentPostprocessing = 0;
		};
/* End PBXSourcesBuildPhase section */

/* Begin PBXVariantGroup section */
		F8227E431BF575FB00A8F7A5 /* Main.storyboard */ = {
			isa = PBXVariantGroup;
			children = (
				F8227E441BF575FB00A8F7A5 /* Base */,
			);
			name = Main.storyboard;
			sourceTree = "<group>";
		};
		F8227E4B1BF575FB00A8F7A5 /* LaunchScreen.storyboard */ = {
			isa = PBXVariantGroup;
			children = (
				F8227E4C1BF575FB00A8F7A5 /* Base */,
			);
			name = LaunchScreen.storyboard;
			sourceTree = "<group>";
		};
/* End PBXVariantGroup section */

/* Begin XCBuildConfiguration section */
		F8227E4F1BF575FB00A8F7A5 /* Debug */ = {
			isa = XCBuildConfiguration;
			buildSettings = {
				ALWAYS_SEARCH_USER_PATHS = NO;
				CLANG_CXX_LANGUAGE_STANDARD = "gnu++0x";
				CLANG_CXX_LIBRARY = "libc++";
				CLANG_ENABLE_MODULES = YES;
				CLANG_ENABLE_OBJC_ARC = YES;
				CLANG_WARN_BOOL_CONVERSION = YES;
				CLANG_WARN_CONSTANT_CONVERSION = YES;
				CLANG_WARN_DIRECT_OBJC_ISA_USAGE = YES_ERROR;
				CLANG_WARN_EMPTY_BODY = YES;
				CLANG_WARN_ENUM_CONVERSION = YES;
				CLANG_WARN_INT_CONVERSION = YES;
				CLANG_WARN_OBJC_ROOT_CLASS = YES_ERROR;
				CLANG_WARN_UNREACHABLE_CODE = YES;
				CLANG_WARN__DUPLICATE_METHOD_MATCH = YES;
				"CODE_SIGN_IDENTITY[sdk=iphoneos*]" = "iPhone Developer";
				COPY_PHASE_STRIP = NO;
				DEBUG_INFORMATION_FORMAT = dwarf;
				ENABLE_STRICT_OBJC_MSGSEND = YES;
				ENABLE_TESTABILITY = YES;
				GCC_C_LANGUAGE_STANDARD = gnu99;
				GCC_DYNAMIC_NO_PIC = NO;
				GCC_NO_COMMON_BLOCKS = YES;
				GCC_OPTIMIZATION_LEVEL = 0;
				GCC_PREPROCESSOR_DEFINITIONS = (
					"DEBUG=1",
					"$(inherited)",
				);
				GCC_WARN_64_TO_32_BIT_CONVERSION = YES;
				GCC_WARN_ABOUT_RETURN_TYPE = YES_ERROR;
				GCC_WARN_UNDECLARED_SELECTOR = YES;
				GCC_WARN_UNINITIALIZED_AUTOS = YES_AGGRESSIVE;
				GCC_WARN_UNUSED_FUNCTION = YES;
				GCC_WARN_UNUSED_VARIABLE = YES;
				IPHONEOS_DEPLOYMENT_TARGET = 9.1;
				MTL_ENABLE_DEBUG_INFO = YES;
				ONLY_ACTIVE_ARCH = YES;
				SDKROOT = iphoneos;
				SWIFT_OPTIMIZATION_LEVEL = "-Onone";
				TARGETED_DEVICE_FAMILY = 2;
			};
			name = Debug;
		};
		F8227E501BF575FB00A8F7A5 /* Release */ = {
			isa = XCBuildConfiguration;
			buildSettings = {
				ALWAYS_SEARCH_USER_PATHS = NO;
				CLANG_CXX_LANGUAGE_STANDARD = "gnu++0x";
				CLANG_CXX_LIBRARY = "libc++";
				CLANG_ENABLE_MODULES = YES;
				CLANG_ENABLE_OBJC_ARC = YES;
				CLANG_WARN_BOOL_CONVERSION = YES;
				CLANG_WARN_CONSTANT_CONVERSION = YES;
				CLANG_WARN_DIRECT_OBJC_ISA_USAGE = YES_ERROR;
				CLANG_WARN_EMPTY_BODY = YES;
				CLANG_WARN_ENUM_CONVERSION = YES;
				CLANG_WARN_INT_CONVERSION = YES;
				CLANG_WARN_OBJC_ROOT_CLASS = YES_ERROR;
				CLANG_WARN_UNREACHABLE_CODE = YES;
				CLANG_WARN__DUPLICATE_METHOD_MATCH = YES;
				"CODE_SIGN_IDENTITY[sdk=iphoneos*]" = "iPhone Developer";
				COPY_PHASE_STRIP = NO;
				DEBUG_INFORMATION_FORMAT = "dwarf-with-dsym";
				ENABLE_NS_ASSERTIONS = NO;
				ENABLE_STRICT_OBJC_MSGSEND = YES;
				GCC_C_LANGUAGE_STANDARD = gnu99;
				GCC_NO_COMMON_BLOCKS = YES;
				GCC_WARN_64_TO_32_BIT_CONVERSION = YES;
				GCC_WARN_ABOUT_RETURN_TYPE = YES_ERROR;
				GCC_WARN_UNDECLARED_SELECTOR = YES;
				GCC_WARN_UNINITIALIZED_AUTOS = YES_AGGRESSIVE;
				GCC_WARN_UNUSED_FUNCTION = YES;
				GCC_WARN_UNUSED_VARIABLE = YES;
				IPHONEOS_DEPLOYMENT_TARGET = 9.1;
				MTL_ENABLE_DEBUG_INFO = NO;
				SDKROOT = iphoneos;
				TARGETED_DEVICE_FAMILY = 2;
				VALIDATE_PRODUCT = YES;
			};
			name = Release;
		};
		F8227E521BF575FB00A8F7A5 /* Debug */ = {
			isa = XCBuildConfiguration;
			buildSettings = {
				ASSETCATALOG_COMPILER_APPICON_NAME = AppIcon;
				CODE_SIGN_IDENTITY = "iPhone Developer";
				INFOPLIST_FILE = pdfreader/Info.plist;
				LD_RUNPATH_SEARCH_PATHS = "$(inherited) @executable_path/Frameworks";
				PRODUCT_BUNDLE_IDENTIFIER = com.dhc.mibd.pdfreader;
				PRODUCT_NAME = "$(TARGET_NAME)";
			};
			name = Debug;
		};
		F8227E531BF575FB00A8F7A5 /* Release */ = {
			isa = XCBuildConfiguration;
			buildSettings = {
				ASSETCATALOG_COMPILER_APPICON_NAME = AppIcon;
				CODE_SIGN_IDENTITY = "iPhone Developer";
				INFOPLIST_FILE = pdfreader/Info.plist;
				LD_RUNPATH_SEARCH_PATHS = "$(inherited) @executable_path/Frameworks";
				PRODUCT_BUNDLE_IDENTIFIER = com.dhc.mibd.pdfreader;
				PRODUCT_NAME = "$(TARGET_NAME)";
			};
			name = Release;
		};
/* End XCBuildConfiguration section */

/* Begin XCConfigurationList section */
		F8227E371BF575FB00A8F7A5 /* Build configuration list for PBXProject "pdfreader" */ = {
			isa = XCConfigurationList;
			buildConfigurations = (
				F8227E4F1BF575FB00A8F7A5 /* Debug */,
				F8227E501BF575FB00A8F7A5 /* Release */,
			);
			defaultConfigurationIsVisible = 0;
			defaultConfigurationName = Release;
		};
		F8227E511BF575FB00A8F7A5 /* Build configuration list for PBXNativeTarget "pdfreader" */ = {
			isa = XCConfigurationList;
			buildConfigurations = (
				F8227E521BF575FB00A8F7A5 /* Debug */,
				F8227E531BF575FB00A8F7A5 /* Release */,
			);
			defaultConfigurationIsVisible = 0;
			defaultConfigurationName = Release;
		};
/* End XCConfigurationList section */

/* Begin XCVersionGroup section */
		F8227E461BF575FB00A8F7A5 /* pdfreader.xcdatamodeld */ = {
			isa = XCVersionGroup;
			children = (
				F8227E471BF575FB00A8F7A5 /* pdfreader.xcdatamodel */,
			);
			currentVersion = F8227E471BF575FB00A8F7A5 /* pdfreader.xcdatamodel */;
			path = pdfreader.xcdatamodeld;
			sourceTree = "<group>";
			versionGroupType = wrapper.xcdatamodel;
		};
/* End XCVersionGroup section */
	};
	rootObject = F8227E341BF575FB00A8F7A5 /* Project object */;
}
